
Microsoft Visual Studio Solution File, Format Version 12.00
# Visual Studio Version 17
VisualStudioVersion = 17.0.31903.59
MinimumVisualStudioVersion = 10.0.40219.1
Project("{2150E333-8FDC-42A3-9474-1A3956D46DE8}") = "src", "src", "{B2DB22C7-0AD2-42FF-BB64-C1D9459482C0}"
EndProject
Project("{FAE04EC0-301F-11D3-BF4B-00C04F79EFBC}") = "Mau.Desktop", "src\Mau.Desktop\Mau.Desktop.csproj", "{33FC28EA-1841-4210-AF24-4413734B36B4}"
EndProject
Global
	GlobalSection(SolutionConfigurationPlatforms) = preSolution
		Debug|Any CPU = Debug|Any CPU
		Release|Any CPU = Release|Any CPU
	EndGlobalSection
	GlobalSection(SolutionProperties) = preSolution
		HideSolutionNode = FALSE
	EndGlobalSection
	GlobalSection(ProjectConfigurationPlatforms) = postSolution
		{33FC28EA-1841-4210-AF24-4413734B36B4}.Debug|Any CPU.ActiveCfg = Debug|Any CPU
		{33FC28EA-1841-4210-AF24-4413734B36B4}.Debug|Any CPU.Build.0 = Debug|Any CPU
		{33FC28EA-1841-4210-AF24-4413734B36B4}.Release|Any CPU.ActiveCfg = Release|Any CPU
		{33FC28EA-1841-4210-AF24-4413734B36B4}.Release|Any CPU.Build.0 = Release|Any CPU
	EndGlobalSection
	GlobalSection(NestedProjects) = preSolution
		{33FC28EA-1841-4210-AF24-4413734B36B4} = {B2DB22C7-0AD2-42FF-BB64-C1D9459482C0}
	EndGlobalSection
EndGlobal
